// !$*UTF8*$!
{
	archiveVersion = 1;
	classes = {
	};
	objectVersion = 46;
	objects = {

/* Begin PBXBuildFile section */
		30B00DC317CCFD200010D439 /* Default-568h@2x.png in Resources */ = {isa = PBXBuildFile; fileRef = 30B00DB817CCFD200010D439 /* Default-568h@2x.png */; };
		30B00DC417CCFD200010D439 /* Default.png in Resources */ = {isa = PBXBuildFile; fileRef = 30B00DB917CCFD200010D439 /* Default.png */; };
		30B00DC517CCFD200010D439 /* Default@2x.png in Resources */ = {isa = PBXBuildFile; fileRef = 30B00DBA17CCFD200010D439 /* Default@2x.png */; };
		30B00DC617CCFD200010D439 /* Icon_Activity.png in Resources */ = {isa = PBXBuildFile; fileRef = 30B00DBB17CCFD200010D439 /* Icon_Activity.png */; };
		30B00DC717CCFD200010D439 /* Icon_Activity@2x.png in Resources */ = {isa = PBXBuildFile; fileRef = 30B00DBC17CCFD200010D439 /* Icon_Activity@2x.png */; };
		30B00DC817CCFD200010D439 /* Icon_Explore.png in Resources */ = {isa = PBXBuildFile; fileRef = 30B00DBD17CCFD200010D439 /* Icon_Explore.png */; };
		30B00DC917CCFD200010D439 /* Icon_Explore@2x.png in Resources */ = {isa = PBXBuildFile; fileRef = 30B00DBE17CCFD200010D439 /* Icon_Explore@2x.png */; };
		30B00DCA17CCFD200010D439 /* Icon_Home.png in Resources */ = {isa = PBXBuildFile; fileRef = 30B00DBF17CCFD200010D439 /* Icon_Home.png */; };
		30B00DCB17CCFD200010D439 /* Icon_Home@2x.png in Resources */ = {isa = PBXBuildFile; fileRef = 30B00DC017CCFD200010D439 /* Icon_Home@2x.png */; };
		30B00DCC17CCFD200010D439 /* Icon_Profile.png in Resources */ = {isa = PBXBuildFile; fileRef = 30B00DC117CCFD200010D439 /* Icon_Profile.png */; };
		30B00DCD17CCFD200010D439 /* Icon_Profile@2x.png in Resources */ = {isa = PBXBuildFile; fileRef = 30B00DC217CCFD200010D439 /* Icon_Profile@2x.png */; };
		30E0F77E16D545F7001949EA /* UIKit.framework in Frameworks */ = {isa = PBXBuildFile; fileRef = 30E0F77D16D545F7001949EA /* UIKit.framework */; };
		30E0F78016D545F7001949EA /* Foundation.framework in Frameworks */ = {isa = PBXBuildFile; fileRef = 30E0F77F16D545F7001949EA /* Foundation.framework */; };
		30E0F78216D545F7001949EA /* CoreGraphics.framework in Frameworks */ = {isa = PBXBuildFile; fileRef = 30E0F78116D545F7001949EA /* CoreGraphics.framework */; };
		30E0F78816D545F7001949EA /* InfoPlist.strings in Resources */ = {isa = PBXBuildFile; fileRef = 30E0F78616D545F7001949EA /* InfoPlist.strings */; };
		30E0F78A16D545F7001949EA /* main.m in Sources */ = {isa = PBXBuildFile; fileRef = 30E0F78916D545F7001949EA /* main.m */; };
		30E0F78E16D545F7001949EA /* AppDelegate.m in Sources */ = {isa = PBXBuildFile; fileRef = 30E0F78D16D545F7001949EA /* AppDelegate.m */; };
		AE04063E1812FD1100ED8462 /* SWTableViewCell.m in Sources */ = {isa = PBXBuildFile; fileRef = AE0406311812FD1100ED8462 /* SWTableViewCell.m */; };
		AE04063F1812FD1100ED8462 /* TPGestureTableViewCell.m in Sources */ = {isa = PBXBuildFile; fileRef = AE0406331812FD1100ED8462 /* TPGestureTableViewCell.m */; };
		AE0406401812FD1100ED8462 /* TPDataModel.m in Sources */ = {isa = PBXBuildFile; fileRef = AE0406351812FD1100ED8462 /* TPDataModel.m */; };
		AE0406411812FD1100ED8462 /* NSDate+Reporting.m in Sources */ = {isa = PBXBuildFile; fileRef = AE0406371812FD1100ED8462 /* NSDate+Reporting.m */; };
		AE0406421812FD1100ED8462 /* MZDay.m in Sources */ = {isa = PBXBuildFile; fileRef = AE0406391812FD1100ED8462 /* MZDay.m */; };
		AE0406431812FD1100ED8462 /* MZDayPicker.m in Sources */ = {isa = PBXBuildFile; fileRef = AE04063B1812FD1100ED8462 /* MZDayPicker.m */; };
		AE0406441812FD1100ED8462 /* MZDayPickerCell.m in Sources */ = {isa = PBXBuildFile; fileRef = AE04063D1812FD1100ED8462 /* MZDayPickerCell.m */; };
		AE04064E1812FD6700ED8462 /* GoldViewController.m in Sources */ = {isa = PBXBuildFile; fileRef = AE0406461812FD6700ED8462 /* GoldViewController.m */; };
		AE04064F1812FD6700ED8462 /* GoldViewController.xib in Resources */ = {isa = PBXBuildFile; fileRef = AE0406471812FD6700ED8462 /* GoldViewController.xib */; };
		AE0406501812FD6700ED8462 /* DiningViewController.m in Sources */ = {isa = PBXBuildFile; fileRef = AE0406491812FD6700ED8462 /* DiningViewController.m */; };
		AE0406511812FD6700ED8462 /* DiningViewController.xib in Resources */ = {isa = PBXBuildFile; fileRef = AE04064A1812FD6700ED8462 /* DiningViewController.xib */; };
		AE0406521812FD6700ED8462 /* EventsViewController.m in Sources */ = {isa = PBXBuildFile; fileRef = AE04064C1812FD6700ED8462 /* EventsViewController.m */; };
		AE0406531812FD6700ED8462 /* EventsViewController.xib in Resources */ = {isa = PBXBuildFile; fileRef = AE04064D1812FD6700ED8462 /* EventsViewController.xib */; };
		AE0406551812FF3C00ED8462 /* CoreData.framework in Frameworks */ = {isa = PBXBuildFile; fileRef = AE0406541812FF3C00ED8462 /* CoreData.framework */; };
		AE0406571812FF4100ED8462 /* Accelerate.framework in Frameworks */ = {isa = PBXBuildFile; fileRef = AE0406561812FF4100ED8462 /* Accelerate.framework */; };
		AE040668181304F700ED8462 /* TableViewData.plist in Resources */ = {isa = PBXBuildFile; fileRef = AE040667181304F700ED8462 /* TableViewData.plist */; };
		AE04066D1813050F00ED8462 /* NavigationViewController.m in Sources */ = {isa = PBXBuildFile; fileRef = AE04066A1813050F00ED8462 /* NavigationViewController.m */; };
		AE04066E1813050F00ED8462 /* RootViewController.m in Sources */ = {isa = PBXBuildFile; fileRef = AE04066C1813050F00ED8462 /* RootViewController.m */; };
		AE040671181309F600ED8462 /* QuartzCore.framework in Frameworks */ = {isa = PBXBuildFile; fileRef = AE040670181309F600ED8462 /* QuartzCore.framework */; };
		AE04067618130A1200ED8462 /* DTAlertView.m in Sources */ = {isa = PBXBuildFile; fileRef = AE04067318130A1200ED8462 /* DTAlertView.m */; };
		AE04067718130A1200ED8462 /* DTProgressStatus.m in Sources */ = {isa = PBXBuildFile; fileRef = AE04067518130A1200ED8462 /* DTProgressStatus.m */; };
		AE04067D18130E9000ED8462 /* SIAlertView.bundle in Resources */ = {isa = PBXBuildFile; fileRef = AE04067A18130E9000ED8462 /* SIAlertView.bundle */; };
		AE04067E18130E9000ED8462 /* SIAlertView.m in Sources */ = {isa = PBXBuildFile; fileRef = AE04067C18130E9000ED8462 /* SIAlertView.m */; };
		AE04069D1813173C00ED8462 /* callout_anchor.png in Resources */ = {isa = PBXBuildFile; fileRef = AE0406811813173C00ED8462 /* callout_anchor.png */; };
		AE04069E1813173C00ED8462 /* callout_anchor@2x.png in Resources */ = {isa = PBXBuildFile; fileRef = AE0406821813173C00ED8462 /* callout_anchor@2x.png */; };
		AE04069F1813173C00ED8462 /* callout_bg.png in Resources */ = {isa = PBXBuildFile; fileRef = AE0406831813173C00ED8462 /* callout_bg.png */; };
		AE0406A01813173C00ED8462 /* callout_bg@2x.png in Resources */ = {isa = PBXBuildFile; fileRef = AE0406841813173C00ED8462 /* callout_bg@2x.png */; };
		AE0406A11813173C00ED8462 /* callout_left.png in Resources */ = {isa = PBXBuildFile; fileRef = AE0406851813173C00ED8462 /* callout_left.png */; };
		AE0406A21813173C00ED8462 /* callout_left@2x.png in Resources */ = {isa = PBXBuildFile; fileRef = AE0406861813173C00ED8462 /* callout_left@2x.png */; };
		AE0406A31813173C00ED8462 /* callout_right.png in Resources */ = {isa = PBXBuildFile; fileRef = AE0406871813173C00ED8462 /* callout_right.png */; };
		AE0406A41813173C00ED8462 /* callout_right@2x.png in Resources */ = {isa = PBXBuildFile; fileRef = AE0406881813173C00ED8462 /* callout_right@2x.png */; };
		AE0406A51813173C00ED8462 /* NAAnnotation.m in Sources */ = {isa = PBXBuildFile; fileRef = AE04068A1813173C00ED8462 /* NAAnnotation.m */; };
		AE0406A61813173C00ED8462 /* NACallOutView.m in Sources */ = {isa = PBXBuildFile; fileRef = AE04068C1813173C00ED8462 /* NACallOutView.m */; };
		AE0406A71813173C00ED8462 /* NAMapView.m in Sources */ = {isa = PBXBuildFile; fileRef = AE04068E1813173C00ED8462 /* NAMapView.m */; };
		AE0406A81813173C00ED8462 /* NAPinAnnotationView.m in Sources */ = {isa = PBXBuildFile; fileRef = AE0406901813173C00ED8462 /* NAPinAnnotationView.m */; };
		AE0406A91813173C00ED8462 /* pinGreen.png in Resources */ = {isa = PBXBuildFile; fileRef = AE0406911813173C00ED8462 /* pinGreen.png */; };
		AE0406AA1813173C00ED8462 /* pinGreen@2x.png in Resources */ = {isa = PBXBuildFile; fileRef = AE0406921813173C00ED8462 /* pinGreen@2x.png */; };
		AE0406AB1813173C00ED8462 /* pinGreenFloating.png in Resources */ = {isa = PBXBuildFile; fileRef = AE0406931813173C00ED8462 /* pinGreenFloating.png */; };
		AE0406AC1813173C00ED8462 /* pinGreenFloating@2x.png in Resources */ = {isa = PBXBuildFile; fileRef = AE0406941813173C00ED8462 /* pinGreenFloating@2x.png */; };
		AE0406AD1813173C00ED8462 /* pinPurple.png in Resources */ = {isa = PBXBuildFile; fileRef = AE0406951813173C00ED8462 /* pinPurple.png */; };
		AE0406AE1813173C00ED8462 /* pinPurple@2x.png in Resources */ = {isa = PBXBuildFile; fileRef = AE0406961813173C00ED8462 /* pinPurple@2x.png */; };
		AE0406AF1813173C00ED8462 /* pinPurpleFloating.png in Resources */ = {isa = PBXBuildFile; fileRef = AE0406971813173C00ED8462 /* pinPurpleFloating.png */; };
		AE0406B01813173C00ED8462 /* pinPurpleFloating@2x.png in Resources */ = {isa = PBXBuildFile; fileRef = AE0406981813173C00ED8462 /* pinPurpleFloating@2x.png */; };
		AE0406B11813173C00ED8462 /* pinRed.png in Resources */ = {isa = PBXBuildFile; fileRef = AE0406991813173C00ED8462 /* pinRed.png */; };
		AE0406B21813173C00ED8462 /* pinRed@2x.png in Resources */ = {isa = PBXBuildFile; fileRef = AE04069A1813173C00ED8462 /* pinRed@2x.png */; };
		AE0406B31813173C00ED8462 /* pinRedFloating.png in Resources */ = {isa = PBXBuildFile; fileRef = AE04069B1813173C00ED8462 /* pinRedFloating.png */; };
		AE0406B41813173C00ED8462 /* pinRedFloating@2x.png in Resources */ = {isa = PBXBuildFile; fileRef = AE04069C1813173C00ED8462 /* pinRedFloating@2x.png */; };
		AE0406C118134A7600ED8462 /* home.png in Resources */ = {isa = PBXBuildFile; fileRef = AE0406BF18134A7600ED8462 /* home.png */; };
		AE0406C218134A7600ED8462 /* home@2x.png in Resources */ = {isa = PBXBuildFile; fileRef = AE0406C018134A7600ED8462 /* home@2x.png */; };
		AE0406C918136D2900ED8462 /* compass.png in Resources */ = {isa = PBXBuildFile; fileRef = AE0406C718136D2900ED8462 /* compass.png */; };
		AE0406CA18136D2900ED8462 /* compass@2x.png in Resources */ = {isa = PBXBuildFile; fileRef = AE0406C818136D2900ED8462 /* compass@2x.png */; };
		AE0406CF18136EC900ED8462 /* coctail.png in Resources */ = {isa = PBXBuildFile; fileRef = AE0406CB18136EC900ED8462 /* coctail.png */; };
		AE0406D018136EC900ED8462 /* coctail@2x.png in Resources */ = {isa = PBXBuildFile; fileRef = AE0406CC18136EC900ED8462 /* coctail@2x.png */; };
		AE0406D118136EC900ED8462 /* dining.png in Resources */ = {isa = PBXBuildFile; fileRef = AE0406CD18136EC900ED8462 /* dining.png */; };
		AE0406D218136EC900ED8462 /* dining@2x.png in Resources */ = {isa = PBXBuildFile; fileRef = AE0406CE18136EC900ED8462 /* dining@2x.png */; };
		AE0406D518136F9400ED8462 /* school.png in Resources */ = {isa = PBXBuildFile; fileRef = AE0406D318136F9400ED8462 /* school.png */; };
		AE0406D618136F9400ED8462 /* school@2x.png in Resources */ = {isa = PBXBuildFile; fileRef = AE0406D418136F9400ED8462 /* school@2x.png */; };
		AE0406D9181371E800ED8462 /* today.png in Resources */ = {isa = PBXBuildFile; fileRef = AE0406D7181371E800ED8462 /* today.png */; };
		AE0406DA181371E800ED8462 /* today@2x.png in Resources */ = {isa = PBXBuildFile; fileRef = AE0406D8181371E800ED8462 /* today@2x.png */; };
		AE0406DD1813883700ED8462 /* menu.png in Resources */ = {isa = PBXBuildFile; fileRef = AE0406DB1813883700ED8462 /* menu.png */; };
		AE0406DE1813883700ED8462 /* menu@2x.png in Resources */ = {isa = PBXBuildFile; fileRef = AE0406DC1813883700ED8462 /* menu@2x.png */; };
		AE1CBD90181495C40052B218 /* UIImage+ImageEffects.m in Sources */ = {isa = PBXBuildFile; fileRef = AE1CBD8F181495C40052B218 /* UIImage+ImageEffects.m */; };
		AE1CBD95181495EC0052B218 /* JFBluredScrollSubview.m in Sources */ = {isa = PBXBuildFile; fileRef = AE1CBD92181495EC0052B218 /* JFBluredScrollSubview.m */; };
		AE1CBD96181495EC0052B218 /* UIScrollView+BluredBackground.m in Sources */ = {isa = PBXBuildFile; fileRef = AE1CBD94181495EC0052B218 /* UIScrollView+BluredBackground.m */; };
		AE1CBD9818149AC00052B218 /* cheetah960.png in Resources */ = {isa = PBXBuildFile; fileRef = AE1CBD9718149AC00052B218 /* cheetah960.png */; };
		AE5A23DB1814EF8E00E6CF23 /* LFDisplayBridge.m in Sources */ = {isa = PBXBuildFile; fileRef = AE5A23CD1814EF8E00E6CF23 /* LFDisplayBridge.m */; };
		AE5A23DC1814EF8E00E6CF23 /* LFGlassView.m in Sources */ = {isa = PBXBuildFile; fileRef = AE5A23CF1814EF8E00E6CF23 /* LFGlassView.m */; };
		AE5A23DD1814EF8E00E6CF23 /* CXAlertBackgroundWindow.m in Sources */ = {isa = PBXBuildFile; fileRef = AE5A23D21814EF8E00E6CF23 /* CXAlertBackgroundWindow.m */; };
		AE5A23DE1814EF8E00E6CF23 /* CXAlertButtonItem.m in Sources */ = {isa = PBXBuildFile; fileRef = AE5A23D41814EF8E00E6CF23 /* CXAlertButtonItem.m */; };
		AE5A23DF1814EF8E00E6CF23 /* CXAlertButtonContainerView.m in Sources */ = {isa = PBXBuildFile; fileRef = AE5A23D61814EF8E00E6CF23 /* CXAlertButtonContainerView.m */; };
		AE5A23E01814EF8E00E6CF23 /* CXAlertViewController.m in Sources */ = {isa = PBXBuildFile; fileRef = AE5A23D81814EF8E00E6CF23 /* CXAlertViewController.m */; };
		AE5A23E11814EF8E00E6CF23 /* CXAlertView.m in Sources */ = {isa = PBXBuildFile; fileRef = AE5A23DA1814EF8E00E6CF23 /* CXAlertView.m */; };
		AE5A23E51814F73E00E6CF23 /* CSNotificationView.m in Sources */ = {isa = PBXBuildFile; fileRef = AE5A23E41814F73E00E6CF23 /* CSNotificationView.m */; };
		AE5A23E8181507D700E6CF23 /* CSNotificationView.xcassets in Resources */ = {isa = PBXBuildFile; fileRef = AE5A23E7181507D700E6CF23 /* CSNotificationView.xcassets */; };
		AE5A24331816197600E6CF23 /* RECommonFunctions.m in Sources */ = {isa = PBXBuildFile; fileRef = AE5A242A1816197600E6CF23 /* RECommonFunctions.m */; };
		AE5A24341816197600E6CF23 /* REMenu.m in Sources */ = {isa = PBXBuildFile; fileRef = AE5A242C1816197600E6CF23 /* REMenu.m */; };
		AE5A24351816197600E6CF23 /* REMenuContainerView.m in Sources */ = {isa = PBXBuildFile; fileRef = AE5A242E1816197600E6CF23 /* REMenuContainerView.m */; };
		AE5A24361816197600E6CF23 /* REMenuItem.m in Sources */ = {isa = PBXBuildFile; fileRef = AE5A24301816197600E6CF23 /* REMenuItem.m */; };
		AE5A24371816197600E6CF23 /* REMenuItemView.m in Sources */ = {isa = PBXBuildFile; fileRef = AE5A24321816197600E6CF23 /* REMenuItemView.m */; };
		AE8324931814D27F00F65E4A /* food.png in Resources */ = {isa = PBXBuildFile; fileRef = AE8324921814D27F00F65E4A /* food.png */; };
		AE8324951814DCBB00F65E4A /* cupcakes.png in Resources */ = {isa = PBXBuildFile; fileRef = AE8324941814DCBB00F65E4A /* cupcakes.png */; };
		AE8324971814DD3600F65E4A /* cupcakes1.png in Resources */ = {isa = PBXBuildFile; fileRef = AE8324961814DD3600F65E4A /* cupcakes1.png */; };
		AE83249B1814E27D00F65E4A /* PXAlertView.m in Sources */ = {isa = PBXBuildFile; fileRef = AE83249A1814E27D00F65E4A /* PXAlertView.m */; };
		AEB1F1D9180FB0F300CCE6D0 /* fork-knife.png in Resources */ = {isa = PBXBuildFile; fileRef = AEB1F1D3180FB0F300CCE6D0 /* fork-knife.png */; };
		AEB1F1DA180FB0F300CCE6D0 /* fork-knife@2x.png in Resources */ = {isa = PBXBuildFile; fileRef = AEB1F1D4180FB0F300CCE6D0 /* fork-knife@2x.png */; };
		AEB1F1DB180FB0F300CCE6D0 /* graduation-cap.png in Resources */ = {isa = PBXBuildFile; fileRef = AEB1F1D5180FB0F300CCE6D0 /* graduation-cap.png */; };
		AEB1F1DC180FB0F300CCE6D0 /* graduation-cap@2x.png in Resources */ = {isa = PBXBuildFile; fileRef = AEB1F1D6180FB0F300CCE6D0 /* graduation-cap@2x.png */; };
		AEB1F1DD180FB0F300CCE6D0 /* Icon_Activity.png in Resources */ = {isa = PBXBuildFile; fileRef = AEB1F1D7180FB0F300CCE6D0 /* Icon_Activity.png */; };
		AEB1F1DE180FB0F300CCE6D0 /* Icon_Activity@2x.png in Resources */ = {isa = PBXBuildFile; fileRef = AEB1F1D8180FB0F300CCE6D0 /* Icon_Activity@2x.png */; };
		AEB1F1E1180FB5CC00CCE6D0 /* tennis.png in Resources */ = {isa = PBXBuildFile; fileRef = AEB1F1DF180FB5CC00CCE6D0 /* tennis.png */; };
		AEB1F1E2180FB5CC00CCE6D0 /* tennis@2x.png in Resources */ = {isa = PBXBuildFile; fileRef = AEB1F1E0180FB5CC00CCE6D0 /* tennis@2x.png */; };
		AEF6B052180FC981003B4BB7 /* UCSBMAP.png in Resources */ = {isa = PBXBuildFile; fileRef = AEF6B051180FC981003B4BB7 /* UCSBMAP.png */; };
		C057E30A180FCE61009091C6 /* MapViewController.m in Sources */ = {isa = PBXBuildFile; fileRef = C057E308180FCE61009091C6 /* MapViewController.m */; };
		C057E30B180FCE61009091C6 /* MapViewController.xib in Resources */ = {isa = PBXBuildFile; fileRef = C057E309180FCE61009091C6 /* MapViewController.xib */; };
/* End PBXBuildFile section */

/* Begin PBXFileReference section */
		30B00DB817CCFD200010D439 /* Default-568h@2x.png */ = {isa = PBXFileReference; lastKnownFileType = image.png; path = "Default-568h@2x.png"; sourceTree = "<group>"; };
		30B00DB917CCFD200010D439 /* Default.png */ = {isa = PBXFileReference; lastKnownFileType = image.png; path = Default.png; sourceTree = "<group>"; };
		30B00DBA17CCFD200010D439 /* Default@2x.png */ = {isa = PBXFileReference; lastKnownFileType = image.png; path = "Default@2x.png"; sourceTree = "<group>"; };
		30B00DBB17CCFD200010D439 /* Icon_Activity.png */ = {isa = PBXFileReference; lastKnownFileType = image.png; path = Icon_Activity.png; sourceTree = "<group>"; };
		30B00DBC17CCFD200010D439 /* Icon_Activity@2x.png */ = {isa = PBXFileReference; lastKnownFileType = image.png; path = "Icon_Activity@2x.png"; sourceTree = "<group>"; };
		30B00DBD17CCFD200010D439 /* Icon_Explore.png */ = {isa = PBXFileReference; lastKnownFileType = image.png; path = Icon_Explore.png; sourceTree = "<group>"; };
		30B00DBE17CCFD200010D439 /* Icon_Explore@2x.png */ = {isa = PBXFileReference; lastKnownFileType = image.png; path = "Icon_Explore@2x.png"; sourceTree = "<group>"; };
		30B00DBF17CCFD200010D439 /* Icon_Home.png */ = {isa = PBXFileReference; lastKnownFileType = image.png; path = Icon_Home.png; sourceTree = "<group>"; };
		30B00DC017CCFD200010D439 /* Icon_Home@2x.png */ = {isa = PBXFileReference; lastKnownFileType = image.png; path = "Icon_Home@2x.png"; sourceTree = "<group>"; };
		30B00DC117CCFD200010D439 /* Icon_Profile.png */ = {isa = PBXFileReference; lastKnownFileType = image.png; path = Icon_Profile.png; sourceTree = "<group>"; };
		30B00DC217CCFD200010D439 /* Icon_Profile@2x.png */ = {isa = PBXFileReference; lastKnownFileType = image.png; path = "Icon_Profile@2x.png"; sourceTree = "<group>"; };
		30E0F77A16D545F7001949EA /* GauchoLife.app */ = {isa = PBXFileReference; explicitFileType = wrapper.application; includeInIndex = 0; path = GauchoLife.app; sourceTree = BUILT_PRODUCTS_DIR; };
		30E0F77D16D545F7001949EA /* UIKit.framework */ = {isa = PBXFileReference; lastKnownFileType = wrapper.framework; name = UIKit.framework; path = System/Library/Frameworks/UIKit.framework; sourceTree = SDKROOT; };
		30E0F77F16D545F7001949EA /* Foundation.framework */ = {isa = PBXFileReference; lastKnownFileType = wrapper.framework; name = Foundation.framework; path = System/Library/Frameworks/Foundation.framework; sourceTree = SDKROOT; };
		30E0F78116D545F7001949EA /* CoreGraphics.framework */ = {isa = PBXFileReference; lastKnownFileType = wrapper.framework; name = CoreGraphics.framework; path = System/Library/Frameworks/CoreGraphics.framework; sourceTree = SDKROOT; };
		30E0F78516D545F7001949EA /* REMenuExample-Info.plist */ = {isa = PBXFileReference; lastKnownFileType = text.plist.xml; path = "REMenuExample-Info.plist"; sourceTree = "<group>"; };
		30E0F78716D545F7001949EA /* en */ = {isa = PBXFileReference; lastKnownFileType = text.plist.strings; name = en; path = en.lproj/InfoPlist.strings; sourceTree = "<group>"; };
		30E0F78916D545F7001949EA /* main.m */ = {isa = PBXFileReference; lastKnownFileType = sourcecode.c.objc; path = main.m; sourceTree = "<group>"; };
		30E0F78B16D545F7001949EA /* REMenuExample-Prefix.pch */ = {isa = PBXFileReference; lastKnownFileType = sourcecode.c.h; path = "REMenuExample-Prefix.pch"; sourceTree = "<group>"; };
		30E0F78C16D545F7001949EA /* AppDelegate.h */ = {isa = PBXFileReference; lastKnownFileType = sourcecode.c.h; path = AppDelegate.h; sourceTree = "<group>"; };
		30E0F78D16D545F7001949EA /* AppDelegate.m */ = {isa = PBXFileReference; lastKnownFileType = sourcecode.c.objc; path = AppDelegate.m; sourceTree = "<group>"; };
		AE0406241812FCBF00ED8462 /* XCTest.framework */ = {isa = PBXFileReference; lastKnownFileType = wrapper.framework; name = XCTest.framework; path = Library/Frameworks/XCTest.framework; sourceTree = DEVELOPER_DIR; };
		AE0406301812FD1100ED8462 /* SWTableViewCell.h */ = {isa = PBXFileReference; fileEncoding = 4; lastKnownFileType = sourcecode.c.h; path = SWTableViewCell.h; sourceTree = "<group>"; };
		AE0406311812FD1100ED8462 /* SWTableViewCell.m */ = {isa = PBXFileReference; fileEncoding = 4; lastKnownFileType = sourcecode.c.objc; path = SWTableViewCell.m; sourceTree = "<group>"; };
		AE0406321812FD1100ED8462 /* TPGestureTableViewCell.h */ = {isa = PBXFileReference; fileEncoding = 4; lastKnownFileType = sourcecode.c.h; path = TPGestureTableViewCell.h; sourceTree = "<group>"; };
		AE0406331812FD1100ED8462 /* TPGestureTableViewCell.m */ = {isa = PBXFileReference; fileEncoding = 4; lastKnownFileType = sourcecode.c.objc; path = TPGestureTableViewCell.m; sourceTree = "<group>"; };
		AE0406341812FD1100ED8462 /* TPDataModel.h */ = {isa = PBXFileReference; fileEncoding = 4; lastKnownFileType = sourcecode.c.h; path = TPDataModel.h; sourceTree = "<group>"; };
		AE0406351812FD1100ED8462 /* TPDataModel.m */ = {isa = PBXFileReference; fileEncoding = 4; lastKnownFileType = sourcecode.c.objc; path = TPDataModel.m; sourceTree = "<group>"; };
		AE0406361812FD1100ED8462 /* NSDate+Reporting.h */ = {isa = PBXFileReference; fileEncoding = 4; lastKnownFileType = sourcecode.c.h; path = "NSDate+Reporting.h"; sourceTree = "<group>"; };
		AE0406371812FD1100ED8462 /* NSDate+Reporting.m */ = {isa = PBXFileReference; fileEncoding = 4; lastKnownFileType = sourcecode.c.objc; path = "NSDate+Reporting.m"; sourceTree = "<group>"; };
		AE0406381812FD1100ED8462 /* MZDay.h */ = {isa = PBXFileReference; fileEncoding = 4; lastKnownFileType = sourcecode.c.h; path = MZDay.h; sourceTree = "<group>"; };
		AE0406391812FD1100ED8462 /* MZDay.m */ = {isa = PBXFileReference; fileEncoding = 4; lastKnownFileType = sourcecode.c.objc; path = MZDay.m; sourceTree = "<group>"; };
		AE04063A1812FD1100ED8462 /* MZDayPicker.h */ = {isa = PBXFileReference; fileEncoding = 4; lastKnownFileType = sourcecode.c.h; path = MZDayPicker.h; sourceTree = "<group>"; };
		AE04063B1812FD1100ED8462 /* MZDayPicker.m */ = {isa = PBXFileReference; fileEncoding = 4; lastKnownFileType = sourcecode.c.objc; path = MZDayPicker.m; sourceTree = "<group>"; };
		AE04063C1812FD1100ED8462 /* MZDayPickerCell.h */ = {isa = PBXFileReference; fileEncoding = 4; lastKnownFileType = sourcecode.c.h; path = MZDayPickerCell.h; sourceTree = "<group>"; };
		AE04063D1812FD1100ED8462 /* MZDayPickerCell.m */ = {isa = PBXFileReference; fileEncoding = 4; lastKnownFileType = sourcecode.c.objc; path = MZDayPickerCell.m; sourceTree = "<group>"; };
		AE0406451812FD6700ED8462 /* GoldViewController.h */ = {isa = PBXFileReference; fileEncoding = 4; lastKnownFileType = sourcecode.c.h; path = GoldViewController.h; sourceTree = "<group>"; };
		AE0406461812FD6700ED8462 /* GoldViewController.m */ = {isa = PBXFileReference; fileEncoding = 4; lastKnownFileType = sourcecode.c.objc; path = GoldViewController.m; sourceTree = "<group>"; };
		AE0406471812FD6700ED8462 /* GoldViewController.xib */ = {isa = PBXFileReference; fileEncoding = 4; lastKnownFileType = file.xib; path = GoldViewController.xib; sourceTree = "<group>"; };
		AE0406481812FD6700ED8462 /* DiningViewController.h */ = {isa = PBXFileReference; fileEncoding = 4; lastKnownFileType = sourcecode.c.h; path = DiningViewController.h; sourceTree = "<group>"; };
		AE0406491812FD6700ED8462 /* DiningViewController.m */ = {isa = PBXFileReference; fileEncoding = 4; lastKnownFileType = sourcecode.c.objc; path = DiningViewController.m; sourceTree = "<group>"; };
		AE04064A1812FD6700ED8462 /* DiningViewController.xib */ = {isa = PBXFileReference; fileEncoding = 4; lastKnownFileType = file.xib; path = DiningViewController.xib; sourceTree = "<group>"; };
		AE04064B1812FD6700ED8462 /* EventsViewController.h */ = {isa = PBXFileReference; fileEncoding = 4; lastKnownFileType = sourcecode.c.h; path = EventsViewController.h; sourceTree = "<group>"; };
		AE04064C1812FD6700ED8462 /* EventsViewController.m */ = {isa = PBXFileReference; fileEncoding = 4; lastKnownFileType = sourcecode.c.objc; path = EventsViewController.m; sourceTree = "<group>"; };
		AE04064D1812FD6700ED8462 /* EventsViewController.xib */ = {isa = PBXFileReference; fileEncoding = 4; lastKnownFileType = file.xib; path = EventsViewController.xib; sourceTree = "<group>"; };
		AE0406541812FF3C00ED8462 /* CoreData.framework */ = {isa = PBXFileReference; lastKnownFileType = wrapper.framework; name = CoreData.framework; path = System/Library/Frameworks/CoreData.framework; sourceTree = SDKROOT; };
		AE0406561812FF4100ED8462 /* Accelerate.framework */ = {isa = PBXFileReference; lastKnownFileType = wrapper.framework; name = Accelerate.framework; path = System/Library/Frameworks/Accelerate.framework; sourceTree = SDKROOT; };
		AE040667181304F700ED8462 /* TableViewData.plist */ = {isa = PBXFileReference; fileEncoding = 4; lastKnownFileType = text.plist.xml; path = TableViewData.plist; sourceTree = "<group>"; };
		AE0406691813050F00ED8462 /* NavigationViewController.h */ = {isa = PBXFileReference; fileEncoding = 4; lastKnownFileType = sourcecode.c.h; path = NavigationViewController.h; sourceTree = "<group>"; };
		AE04066A1813050F00ED8462 /* NavigationViewController.m */ = {isa = PBXFileReference; fileEncoding = 4; lastKnownFileType = sourcecode.c.objc; path = NavigationViewController.m; sourceTree = "<group>"; };
		AE04066B1813050F00ED8462 /* RootViewController.h */ = {isa = PBXFileReference; fileEncoding = 4; lastKnownFileType = sourcecode.c.h; path = RootViewController.h; sourceTree = "<group>"; };
		AE04066C1813050F00ED8462 /* RootViewController.m */ = {isa = PBXFileReference; fileEncoding = 4; lastKnownFileType = sourcecode.c.objc; path = RootViewController.m; sourceTree = "<group>"; };
		AE040670181309F600ED8462 /* QuartzCore.framework */ = {isa = PBXFileReference; lastKnownFileType = wrapper.framework; name = QuartzCore.framework; path = System/Library/Frameworks/QuartzCore.framework; sourceTree = SDKROOT; };
		AE04067218130A1200ED8462 /* DTAlertView.h */ = {isa = PBXFileReference; fileEncoding = 4; lastKnownFileType = sourcecode.c.h; path = DTAlertView.h; sourceTree = "<group>"; };
		AE04067318130A1200ED8462 /* DTAlertView.m */ = {isa = PBXFileReference; fileEncoding = 4; lastKnownFileType = sourcecode.c.objc; path = DTAlertView.m; sourceTree = "<group>"; };
		AE04067418130A1200ED8462 /* DTProgressStatus.h */ = {isa = PBXFileReference; fileEncoding = 4; lastKnownFileType = sourcecode.c.h; path = DTProgressStatus.h; sourceTree = "<group>"; };
		AE04067518130A1200ED8462 /* DTProgressStatus.m */ = {isa = PBXFileReference; fileEncoding = 4; lastKnownFileType = sourcecode.c.objc; path = DTProgressStatus.m; sourceTree = "<group>"; };
		AE04067A18130E9000ED8462 /* SIAlertView.bundle */ = {isa = PBXFileReference; lastKnownFileType = "wrapper.plug-in"; path = SIAlertView.bundle; sourceTree = "<group>"; };
		AE04067B18130E9000ED8462 /* SIAlertView.h */ = {isa = PBXFileReference; fileEncoding = 4; lastKnownFileType = sourcecode.c.h; path = SIAlertView.h; sourceTree = "<group>"; };
		AE04067C18130E9000ED8462 /* SIAlertView.m */ = {isa = PBXFileReference; fileEncoding = 4; lastKnownFileType = sourcecode.c.objc; path = SIAlertView.m; sourceTree = "<group>"; };
		AE0406811813173C00ED8462 /* callout_anchor.png */ = {isa = PBXFileReference; lastKnownFileType = image.png; path = callout_anchor.png; sourceTree = "<group>"; };
		AE0406821813173C00ED8462 /* callout_anchor@2x.png */ = {isa = PBXFileReference; lastKnownFileType = image.png; path = "callout_anchor@2x.png"; sourceTree = "<group>"; };
		AE0406831813173C00ED8462 /* callout_bg.png */ = {isa = PBXFileReference; lastKnownFileType = image.png; path = callout_bg.png; sourceTree = "<group>"; };
		AE0406841813173C00ED8462 /* callout_bg@2x.png */ = {isa = PBXFileReference; lastKnownFileType = image.png; path = "callout_bg@2x.png"; sourceTree = "<group>"; };
		AE0406851813173C00ED8462 /* callout_left.png */ = {isa = PBXFileReference; lastKnownFileType = image.png; path = callout_left.png; sourceTree = "<group>"; };
		AE0406861813173C00ED8462 /* callout_left@2x.png */ = {isa = PBXFileReference; lastKnownFileType = image.png; path = "callout_left@2x.png"; sourceTree = "<group>"; };
		AE0406871813173C00ED8462 /* callout_right.png */ = {isa = PBXFileReference; lastKnownFileType = image.png; path = callout_right.png; sourceTree = "<group>"; };
		AE0406881813173C00ED8462 /* callout_right@2x.png */ = {isa = PBXFileReference; lastKnownFileType = image.png; path = "callout_right@2x.png"; sourceTree = "<group>"; };
		AE0406891813173C00ED8462 /* NAAnnotation.h */ = {isa = PBXFileReference; fileEncoding = 4; lastKnownFileType = sourcecode.c.h; path = NAAnnotation.h; sourceTree = "<group>"; };
		AE04068A1813173C00ED8462 /* NAAnnotation.m */ = {isa = PBXFileReference; fileEncoding = 4; lastKnownFileType = sourcecode.c.objc; path = NAAnnotation.m; sourceTree = "<group>"; };
		AE04068B1813173C00ED8462 /* NACallOutView.h */ = {isa = PBXFileReference; fileEncoding = 4; lastKnownFileType = sourcecode.c.h; path = NACallOutView.h; sourceTree = "<group>"; };
		AE04068C1813173C00ED8462 /* NACallOutView.m */ = {isa = PBXFileReference; fileEncoding = 4; lastKnownFileType = sourcecode.c.objc; path = NACallOutView.m; sourceTree = "<group>"; };
		AE04068D1813173C00ED8462 /* NAMapView.h */ = {isa = PBXFileReference; fileEncoding = 4; lastKnownFileType = sourcecode.c.h; path = NAMapView.h; sourceTree = "<group>"; };
		AE04068E1813173C00ED8462 /* NAMapView.m */ = {isa = PBXFileReference; fileEncoding = 4; lastKnownFileType = sourcecode.c.objc; path = NAMapView.m; sourceTree = "<group>"; };
		AE04068F1813173C00ED8462 /* NAPinAnnotationView.h */ = {isa = PBXFileReference; fileEncoding = 4; lastKnownFileType = sourcecode.c.h; path = NAPinAnnotationView.h; sourceTree = "<group>"; };
		AE0406901813173C00ED8462 /* NAPinAnnotationView.m */ = {isa = PBXFileReference; fileEncoding = 4; lastKnownFileType = sourcecode.c.objc; path = NAPinAnnotationView.m; sourceTree = "<group>"; };
		AE0406911813173C00ED8462 /* pinGreen.png */ = {isa = PBXFileReference; lastKnownFileType = image.png; path = pinGreen.png; sourceTree = "<group>"; };
		AE0406921813173C00ED8462 /* pinGreen@2x.png */ = {isa = PBXFileReference; lastKnownFileType = image.png; path = "pinGreen@2x.png"; sourceTree = "<group>"; };
		AE0406931813173C00ED8462 /* pinGreenFloating.png */ = {isa = PBXFileReference; lastKnownFileType = image.png; path = pinGreenFloating.png; sourceTree = "<group>"; };
		AE0406941813173C00ED8462 /* pinGreenFloating@2x.png */ = {isa = PBXFileReference; lastKnownFileType = image.png; path = "pinGreenFloating@2x.png"; sourceTree = "<group>"; };
		AE0406951813173C00ED8462 /* pinPurple.png */ = {isa = PBXFileReference; lastKnownFileType = image.png; path = pinPurple.png; sourceTree = "<group>"; };
		AE0406961813173C00ED8462 /* pinPurple@2x.png */ = {isa = PBXFileReference; lastKnownFileType = image.png; path = "pinPurple@2x.png"; sourceTree = "<group>"; };
		AE0406971813173C00ED8462 /* pinPurpleFloating.png */ = {isa = PBXFileReference; lastKnownFileType = image.png; path = pinPurpleFloating.png; sourceTree = "<group>"; };
		AE0406981813173C00ED8462 /* pinPurpleFloating@2x.png */ = {isa = PBXFileReference; lastKnownFileType = image.png; path = "pinPurpleFloating@2x.png"; sourceTree = "<group>"; };
		AE0406991813173C00ED8462 /* pinRed.png */ = {isa = PBXFileReference; lastKnownFileType = image.png; path = pinRed.png; sourceTree = "<group>"; };
		AE04069A1813173C00ED8462 /* pinRed@2x.png */ = {isa = PBXFileReference; lastKnownFileType = image.png; path = "pinRed@2x.png"; sourceTree = "<group>"; };
		AE04069B1813173C00ED8462 /* pinRedFloating.png */ = {isa = PBXFileReference; lastKnownFileType = image.png; path = pinRedFloating.png; sourceTree = "<group>"; };
		AE04069C1813173C00ED8462 /* pinRedFloating@2x.png */ = {isa = PBXFileReference; lastKnownFileType = image.png; path = "pinRedFloating@2x.png"; sourceTree = "<group>"; };
		AE0406BF18134A7600ED8462 /* home.png */ = {isa = PBXFileReference; lastKnownFileType = image.png; path = home.png; sourceTree = "<group>"; };
		AE0406C018134A7600ED8462 /* home@2x.png */ = {isa = PBXFileReference; lastKnownFileType = image.png; path = "home@2x.png"; sourceTree = "<group>"; };
		AE0406C718136D2900ED8462 /* compass.png */ = {isa = PBXFileReference; lastKnownFileType = image.png; path = compass.png; sourceTree = "<group>"; };
		AE0406C818136D2900ED8462 /* compass@2x.png */ = {isa = PBXFileReference; lastKnownFileType = image.png; path = "compass@2x.png"; sourceTree = "<group>"; };
		AE0406CB18136EC900ED8462 /* coctail.png */ = {isa = PBXFileReference; lastKnownFileType = image.png; path = coctail.png; sourceTree = "<group>"; };
		AE0406CC18136EC900ED8462 /* coctail@2x.png */ = {isa = PBXFileReference; lastKnownFileType = image.png; path = "coctail@2x.png"; sourceTree = "<group>"; };
		AE0406CD18136EC900ED8462 /* dining.png */ = {isa = PBXFileReference; lastKnownFileType = image.png; path = dining.png; sourceTree = "<group>"; };
		AE0406CE18136EC900ED8462 /* dining@2x.png */ = {isa = PBXFileReference; lastKnownFileType = image.png; path = "dining@2x.png"; sourceTree = "<group>"; };
		AE0406D318136F9400ED8462 /* school.png */ = {isa = PBXFileReference; lastKnownFileType = image.png; path = school.png; sourceTree = "<group>"; };
		AE0406D418136F9400ED8462 /* school@2x.png */ = {isa = PBXFileReference; lastKnownFileType = image.png; path = "school@2x.png"; sourceTree = "<group>"; };
		AE0406D7181371E800ED8462 /* today.png */ = {isa = PBXFileReference; lastKnownFileType = image.png; path = today.png; sourceTree = "<group>"; };
		AE0406D8181371E800ED8462 /* today@2x.png */ = {isa = PBXFileReference; lastKnownFileType = image.png; path = "today@2x.png"; sourceTree = "<group>"; };
		AE0406DB1813883700ED8462 /* menu.png */ = {isa = PBXFileReference; lastKnownFileType = image.png; path = menu.png; sourceTree = "<group>"; };
		AE0406DC1813883700ED8462 /* menu@2x.png */ = {isa = PBXFileReference; lastKnownFileType = image.png; path = "menu@2x.png"; sourceTree = "<group>"; };
		AE1CBD8E181495C40052B218 /* UIImage+ImageEffects.h */ = {isa = PBXFileReference; fileEncoding = 4; lastKnownFileType = sourcecode.c.h; path = "UIImage+ImageEffects.h"; sourceTree = "<group>"; };
		AE1CBD8F181495C40052B218 /* UIImage+ImageEffects.m */ = {isa = PBXFileReference; fileEncoding = 4; lastKnownFileType = sourcecode.c.objc; path = "UIImage+ImageEffects.m"; sourceTree = "<group>"; };
		AE1CBD91181495EC0052B218 /* JFBluredScrollSubview.h */ = {isa = PBXFileReference; fileEncoding = 4; lastKnownFileType = sourcecode.c.h; path = JFBluredScrollSubview.h; sourceTree = "<group>"; };
		AE1CBD92181495EC0052B218 /* JFBluredScrollSubview.m */ = {isa = PBXFileReference; fileEncoding = 4; lastKnownFileType = sourcecode.c.objc; path = JFBluredScrollSubview.m; sourceTree = "<group>"; };
		AE1CBD93181495EC0052B218 /* UIScrollView+BluredBackground.h */ = {isa = PBXFileReference; fileEncoding = 4; lastKnownFileType = sourcecode.c.h; path = "UIScrollView+BluredBackground.h"; sourceTree = "<group>"; };
		AE1CBD94181495EC0052B218 /* UIScrollView+BluredBackground.m */ = {isa = PBXFileReference; fileEncoding = 4; lastKnownFileType = sourcecode.c.objc; path = "UIScrollView+BluredBackground.m"; sourceTree = "<group>"; };
		AE1CBD9718149AC00052B218 /* cheetah960.png */ = {isa = PBXFileReference; lastKnownFileType = image.png; path = cheetah960.png; sourceTree = "<group>"; };
		AE5A23CC1814EF8E00E6CF23 /* LFDisplayBridge.h */ = {isa = PBXFileReference; fileEncoding = 4; lastKnownFileType = sourcecode.c.h; path = LFDisplayBridge.h; sourceTree = "<group>"; };
		AE5A23CD1814EF8E00E6CF23 /* LFDisplayBridge.m */ = {isa = PBXFileReference; fileEncoding = 4; lastKnownFileType = sourcecode.c.objc; path = LFDisplayBridge.m; sourceTree = "<group>"; };
		AE5A23CE1814EF8E00E6CF23 /* LFGlassView.h */ = {isa = PBXFileReference; fileEncoding = 4; lastKnownFileType = sourcecode.c.h; path = LFGlassView.h; sourceTree = "<group>"; };
		AE5A23CF1814EF8E00E6CF23 /* LFGlassView.m */ = {isa = PBXFileReference; fileEncoding = 4; lastKnownFileType = sourcecode.c.objc; path = LFGlassView.m; sourceTree = "<group>"; };
		AE5A23D01814EF8E00E6CF23 /* LiveFrost.h */ = {isa = PBXFileReference; fileEncoding = 4; lastKnownFileType = sourcecode.c.h; path = LiveFrost.h; sourceTree = "<group>"; };
		AE5A23D11814EF8E00E6CF23 /* CXAlertBackgroundWindow.h */ = {isa = PBXFileReference; fileEncoding = 4; lastKnownFileType = sourcecode.c.h; path = CXAlertBackgroundWindow.h; sourceTree = "<group>"; };
		AE5A23D21814EF8E00E6CF23 /* CXAlertBackgroundWindow.m */ = {isa = PBXFileReference; fileEncoding = 4; lastKnownFileType = sourcecode.c.objc; path = CXAlertBackgroundWindow.m; sourceTree = "<group>"; };
		AE5A23D31814EF8E00E6CF23 /* CXAlertButtonItem.h */ = {isa = PBXFileReference; fileEncoding = 4; lastKnownFileType = sourcecode.c.h; path = CXAlertButtonItem.h; sourceTree = "<group>"; };
		AE5A23D41814EF8E00E6CF23 /* CXAlertButtonItem.m */ = {isa = PBXFileReference; fileEncoding = 4; lastKnownFileType = sourcecode.c.objc; path = CXAlertButtonItem.m; sourceTree = "<group>"; };
		AE5A23D51814EF8E00E6CF23 /* CXAlertButtonContainerView.h */ = {isa = PBXFileReference; fileEncoding = 4; lastKnownFileType = sourcecode.c.h; path = CXAlertButtonContainerView.h; sourceTree = "<group>"; };
		AE5A23D61814EF8E00E6CF23 /* CXAlertButtonContainerView.m */ = {isa = PBXFileReference; fileEncoding = 4; lastKnownFileType = sourcecode.c.objc; path = CXAlertButtonContainerView.m; sourceTree = "<group>"; };
		AE5A23D71814EF8E00E6CF23 /* CXAlertViewController.h */ = {isa = PBXFileReference; fileEncoding = 4; lastKnownFileType = sourcecode.c.h; path = CXAlertViewController.h; sourceTree = "<group>"; };
		AE5A23D81814EF8E00E6CF23 /* CXAlertViewController.m */ = {isa = PBXFileReference; fileEncoding = 4; lastKnownFileType = sourcecode.c.objc; path = CXAlertViewController.m; sourceTree = "<group>"; };
		AE5A23D91814EF8E00E6CF23 /* CXAlertView.h */ = {isa = PBXFileReference; fileEncoding = 4; lastKnownFileType = sourcecode.c.h; path = CXAlertView.h; sourceTree = "<group>"; };
		AE5A23DA1814EF8E00E6CF23 /* CXAlertView.m */ = {isa = PBXFileReference; fileEncoding = 4; lastKnownFileType = sourcecode.c.objc; path = CXAlertView.m; sourceTree = "<group>"; };
		AE5A23E31814F73E00E6CF23 /* CSNotificationView.h */ = {isa = PBXFileReference; fileEncoding = 4; lastKnownFileType = sourcecode.c.h; path = CSNotificationView.h; sourceTree = "<group>"; };
		AE5A23E41814F73E00E6CF23 /* CSNotificationView.m */ = {isa = PBXFileReference; fileEncoding = 4; lastKnownFileType = sourcecode.c.objc; path = CSNotificationView.m; sourceTree = "<group>"; };
		AE5A23E7181507D700E6CF23 /* CSNotificationView.xcassets */ = {isa = PBXFileReference; lastKnownFileType = folder.assetcatalog; path = CSNotificationView.xcassets; sourceTree = "<group>"; };
		AE5A24291816197600E6CF23 /* RECommonFunctions.h */ = {isa = PBXFileReference; fileEncoding = 4; lastKnownFileType = sourcecode.c.h; name = RECommonFunctions.h; path = "../../../../Desktop/GauchoLife(Pre-AlphaV0.020)/GauchoLife/Menu/RECommonFunctions.h"; sourceTree = "<group>"; };
		AE5A242A1816197600E6CF23 /* RECommonFunctions.m */ = {isa = PBXFileReference; fileEncoding = 4; lastKnownFileType = sourcecode.c.objc; name = RECommonFunctions.m; path = "../../../../Desktop/GauchoLife(Pre-AlphaV0.020)/GauchoLife/Menu/RECommonFunctions.m"; sourceTree = "<group>"; };
		AE5A242B1816197600E6CF23 /* REMenu.h */ = {isa = PBXFileReference; fileEncoding = 4; lastKnownFileType = sourcecode.c.h; name = REMenu.h; path = "../../../../Desktop/GauchoLife(Pre-AlphaV0.020)/GauchoLife/Menu/REMenu.h"; sourceTree = "<group>"; };
		AE5A242C1816197600E6CF23 /* REMenu.m */ = {isa = PBXFileReference; fileEncoding = 4; lastKnownFileType = sourcecode.c.objc; name = REMenu.m; path = "../../../../Desktop/GauchoLife(Pre-AlphaV0.020)/GauchoLife/Menu/REMenu.m"; sourceTree = "<group>"; };
		AE5A242D1816197600E6CF23 /* REMenuContainerView.h */ = {isa = PBXFileReference; fileEncoding = 4; lastKnownFileType = sourcecode.c.h; name = REMenuContainerView.h; path = "../../../../Desktop/GauchoLife(Pre-AlphaV0.020)/GauchoLife/Menu/REMenuContainerView.h"; sourceTree = "<group>"; };
		AE5A242E1816197600E6CF23 /* REMenuContainerView.m */ = {isa = PBXFileReference; fileEncoding = 4; lastKnownFileType = sourcecode.c.objc; name = REMenuContainerView.m; path = "../../../../Desktop/GauchoLife(Pre-AlphaV0.020)/GauchoLife/Menu/REMenuContainerView.m"; sourceTree = "<group>"; };
		AE5A242F1816197600E6CF23 /* REMenuItem.h */ = {isa = PBXFileReference; fileEncoding = 4; lastKnownFileType = sourcecode.c.h; name = REMenuItem.h; path = "../../../../Desktop/GauchoLife(Pre-AlphaV0.020)/GauchoLife/Menu/REMenuItem.h"; sourceTree = "<group>"; };
		AE5A24301816197600E6CF23 /* REMenuItem.m */ = {isa = PBXFileReference; fileEncoding = 4; lastKnownFileType = sourcecode.c.objc; name = REMenuItem.m; path = "../../../../Desktop/GauchoLife(Pre-AlphaV0.020)/GauchoLife/Menu/REMenuItem.m"; sourceTree = "<group>"; };
		AE5A24311816197600E6CF23 /* REMenuItemView.h */ = {isa = PBXFileReference; fileEncoding = 4; lastKnownFileType = sourcecode.c.h; name = REMenuItemView.h; path = "../../../../Desktop/GauchoLife(Pre-AlphaV0.020)/GauchoLife/Menu/REMenuItemView.h"; sourceTree = "<group>"; };
		AE5A24321816197600E6CF23 /* REMenuItemView.m */ = {isa = PBXFileReference; fileEncoding = 4; lastKnownFileType = sourcecode.c.objc; name = REMenuItemView.m; path = "../../../../Desktop/GauchoLife(Pre-AlphaV0.020)/GauchoLife/Menu/REMenuItemView.m"; sourceTree = "<group>"; };
		AE8324921814D27F00F65E4A /* food.png */ = {isa = PBXFileReference; lastKnownFileType = image.png; path = food.png; sourceTree = "<group>"; };
		AE8324941814DCBB00F65E4A /* cupcakes.png */ = {isa = PBXFileReference; lastKnownFileType = image.png; path = cupcakes.png; sourceTree = "<group>"; };
		AE8324961814DD3600F65E4A /* cupcakes1.png */ = {isa = PBXFileReference; lastKnownFileType = image.png; path = cupcakes1.png; sourceTree = "<group>"; };
		AE8324991814E27D00F65E4A /* PXAlertView.h */ = {isa = PBXFileReference; fileEncoding = 4; lastKnownFileType = sourcecode.c.h; path = PXAlertView.h; sourceTree = "<group>"; };
		AE83249A1814E27D00F65E4A /* PXAlertView.m */ = {isa = PBXFileReference; fileEncoding = 4; lastKnownFileType = sourcecode.c.objc; path = PXAlertView.m; sourceTree = "<group>"; };
		AEB1F1D3180FB0F300CCE6D0 /* fork-knife.png */ = {isa = PBXFileReference; lastKnownFileType = image.png; path = "fork-knife.png"; sourceTree = "<group>"; };
		AEB1F1D4180FB0F300CCE6D0 /* fork-knife@2x.png */ = {isa = PBXFileReference; lastKnownFileType = image.png; path = "fork-knife@2x.png"; sourceTree = "<group>"; };
		AEB1F1D5180FB0F300CCE6D0 /* graduation-cap.png */ = {isa = PBXFileReference; lastKnownFileType = image.png; path = "graduation-cap.png"; sourceTree = "<group>"; };
		AEB1F1D6180FB0F300CCE6D0 /* graduation-cap@2x.png */ = {isa = PBXFileReference; lastKnownFileType = image.png; path = "graduation-cap@2x.png"; sourceTree = "<group>"; };
		AEB1F1D7180FB0F300CCE6D0 /* Icon_Activity.png */ = {isa = PBXFileReference; lastKnownFileType = image.png; path = Icon_Activity.png; sourceTree = "<group>"; };
		AEB1F1D8180FB0F300CCE6D0 /* Icon_Activity@2x.png */ = {isa = PBXFileReference; lastKnownFileType = image.png; path = "Icon_Activity@2x.png"; sourceTree = "<group>"; };
		AEB1F1DF180FB5CC00CCE6D0 /* tennis.png */ = {isa = PBXFileReference; lastKnownFileType = image.png; path = tennis.png; sourceTree = "<group>"; };
		AEB1F1E0180FB5CC00CCE6D0 /* tennis@2x.png */ = {isa = PBXFileReference; lastKnownFileType = image.png; path = "tennis@2x.png"; sourceTree = "<group>"; };
		AEF6B051180FC981003B4BB7 /* UCSBMAP.png */ = {isa = PBXFileReference; lastKnownFileType = image.png; path = UCSBMAP.png; sourceTree = "<group>"; };
		C057E307180FCE61009091C6 /* MapViewController.h */ = {isa = PBXFileReference; fileEncoding = 4; lastKnownFileType = sourcecode.c.h; name = MapViewController.h; path = ../../../MapViewController.h; sourceTree = "<group>"; };
		C057E308180FCE61009091C6 /* MapViewController.m */ = {isa = PBXFileReference; fileEncoding = 4; lastKnownFileType = sourcecode.c.objc; name = MapViewController.m; path = ../../../MapViewController.m; sourceTree = "<group>"; };
		C057E309180FCE61009091C6 /* MapViewController.xib */ = {isa = PBXFileReference; fileEncoding = 4; lastKnownFileType = file.xib; name = MapViewController.xib; path = ../../../MapViewController.xib; sourceTree = "<group>"; };
/* End PBXFileReference section */

/* Begin PBXFrameworksBuildPhase section */
		30E0F77716D545F7001949EA /* Frameworks */ = {
			isa = PBXFrameworksBuildPhase;
			buildActionMask = 2147483647;
			files = (
				AE040671181309F600ED8462 /* QuartzCore.framework in Frameworks */,
				AE0406571812FF4100ED8462 /* Accelerate.framework in Frameworks */,
				AE0406551812FF3C00ED8462 /* CoreData.framework in Frameworks */,
				30E0F78216D545F7001949EA /* CoreGraphics.framework in Frameworks */,
				30E0F77E16D545F7001949EA /* UIKit.framework in Frameworks */,
				30E0F78016D545F7001949EA /* Foundation.framework in Frameworks */,
			);
			runOnlyForDeploymentPostprocessing = 0;
		};
/* End PBXFrameworksBuildPhase section */

/* Begin PBXGroup section */
		30B00DB717CCFD200010D439 /* Images */ = {
			isa = PBXGroup;
			children = (
				AE8324961814DD3600F65E4A /* cupcakes1.png */,
				AE8324941814DCBB00F65E4A /* cupcakes.png */,
				AE8324921814D27F00F65E4A /* food.png */,
				AE1CBD9718149AC00052B218 /* cheetah960.png */,
				AE0406DB1813883700ED8462 /* menu.png */,
				AE0406DC1813883700ED8462 /* menu@2x.png */,
				AE0406D7181371E800ED8462 /* today.png */,
				AE0406D8181371E800ED8462 /* today@2x.png */,
				AE0406D318136F9400ED8462 /* school.png */,
				AE0406D418136F9400ED8462 /* school@2x.png */,
				AE0406CB18136EC900ED8462 /* coctail.png */,
				AE0406CC18136EC900ED8462 /* coctail@2x.png */,
				AE0406CD18136EC900ED8462 /* dining.png */,
				AE0406CE18136EC900ED8462 /* dining@2x.png */,
				AE0406C718136D2900ED8462 /* compass.png */,
				AE0406C818136D2900ED8462 /* compass@2x.png */,
				AE0406BF18134A7600ED8462 /* home.png */,
				AE0406C018134A7600ED8462 /* home@2x.png */,
				AEF6B051180FC981003B4BB7 /* UCSBMAP.png */,
				AEB1F1DF180FB5CC00CCE6D0 /* tennis.png */,
				AEB1F1E0180FB5CC00CCE6D0 /* tennis@2x.png */,
				AEB1F1D3180FB0F300CCE6D0 /* fork-knife.png */,
				AEB1F1D4180FB0F300CCE6D0 /* fork-knife@2x.png */,
				AEB1F1D5180FB0F300CCE6D0 /* graduation-cap.png */,
				AEB1F1D6180FB0F300CCE6D0 /* graduation-cap@2x.png */,
				AEB1F1D7180FB0F300CCE6D0 /* Icon_Activity.png */,
				AEB1F1D8180FB0F300CCE6D0 /* Icon_Activity@2x.png */,
				30B00DB817CCFD200010D439 /* Default-568h@2x.png */,
				30B00DB917CCFD200010D439 /* Default.png */,
				30B00DBA17CCFD200010D439 /* Default@2x.png */,
				30B00DBB17CCFD200010D439 /* Icon_Activity.png */,
				30B00DBC17CCFD200010D439 /* Icon_Activity@2x.png */,
				30B00DBD17CCFD200010D439 /* Icon_Explore.png */,
				30B00DBE17CCFD200010D439 /* Icon_Explore@2x.png */,
				30B00DBF17CCFD200010D439 /* Icon_Home.png */,
				30B00DC017CCFD200010D439 /* Icon_Home@2x.png */,
				30B00DC117CCFD200010D439 /* Icon_Profile.png */,
				30B00DC217CCFD200010D439 /* Icon_Profile@2x.png */,
			);
			path = Images;
			sourceTree = "<group>";
		};
		30B00DCE17CCFD280010D439 /* Controllers */ = {
			isa = PBXGroup;
			children = (
				AE0406691813050F00ED8462 /* NavigationViewController.h */,
				AE04066A1813050F00ED8462 /* NavigationViewController.m */,
				AE04066B1813050F00ED8462 /* RootViewController.h */,
				AE04066C1813050F00ED8462 /* RootViewController.m */,
				AEB1F1C6180F655600CCE6D0 /* SubControllers */,
			);
			name = Controllers;
			path = Classes/Controllers;
			sourceTree = "<group>";
		};
		30E0F77116D545F7001949EA = {
			isa = PBXGroup;
			children = (
				AE1CBD8D181495AC0052B218 /* Blur Background */,
				AE04067F181315D900ED8462 /* UCSB Map */,
				AE0406261812FCE100ED8462 /* Dinning Commons */,
				30E0F7A516D54641001949EA /* REMenu */,
				30E0F78316D545F7001949EA /* REMenuControllers */,
				30E0F77C16D545F7001949EA /* Frameworks */,
				30E0F77B16D545F7001949EA /* Products */,
			);
			sourceTree = "<group>";
		};
		30E0F77B16D545F7001949EA /* Products */ = {
			isa = PBXGroup;
			children = (
				30E0F77A16D545F7001949EA /* GauchoLife.app */,
			);
			name = Products;
			sourceTree = "<group>";
		};
		30E0F77C16D545F7001949EA /* Frameworks */ = {
			isa = PBXGroup;
			children = (
				AE040670181309F600ED8462 /* QuartzCore.framework */,
				AE0406561812FF4100ED8462 /* Accelerate.framework */,
				AE0406541812FF3C00ED8462 /* CoreData.framework */,
				AE0406241812FCBF00ED8462 /* XCTest.framework */,
				30E0F77D16D545F7001949EA /* UIKit.framework */,
				30E0F77F16D545F7001949EA /* Foundation.framework */,
				30E0F78116D545F7001949EA /* CoreGraphics.framework */,
			);
			name = Frameworks;
			sourceTree = "<group>";
		};
		30E0F78316D545F7001949EA /* REMenuControllers */ = {
			isa = PBXGroup;
			children = (
				30E0F78C16D545F7001949EA /* AppDelegate.h */,
				30E0F78D16D545F7001949EA /* AppDelegate.m */,
				30B00DCE17CCFD280010D439 /* Controllers */,
				30E0F78416D545F7001949EA /* Supporting Files */,
			);
			name = REMenuControllers;
			path = REMenuExample;
			sourceTree = "<group>";
		};
		30E0F78416D545F7001949EA /* Supporting Files */ = {
			isa = PBXGroup;
			children = (
				AE040667181304F700ED8462 /* TableViewData.plist */,
				30B00DB717CCFD200010D439 /* Images */,
				30E0F78516D545F7001949EA /* REMenuExample-Info.plist */,
				30E0F78616D545F7001949EA /* InfoPlist.strings */,
				30E0F78916D545F7001949EA /* main.m */,
				30E0F78B16D545F7001949EA /* REMenuExample-Prefix.pch */,
			);
			name = "Supporting Files";
			sourceTree = "<group>";
		};
		30E0F7A516D54641001949EA /* REMenu */ = {
			isa = PBXGroup;
			children = (
				AE5A24291816197600E6CF23 /* RECommonFunctions.h */,
				AE5A242A1816197600E6CF23 /* RECommonFunctions.m */,
				AE5A242B1816197600E6CF23 /* REMenu.h */,
				AE5A242C1816197600E6CF23 /* REMenu.m */,
				AE5A242D1816197600E6CF23 /* REMenuContainerView.h */,
				AE5A242E1816197600E6CF23 /* REMenuContainerView.m */,
				AE5A242F1816197600E6CF23 /* REMenuItem.h */,
				AE5A24301816197600E6CF23 /* REMenuItem.m */,
				AE5A24311816197600E6CF23 /* REMenuItemView.h */,
				AE5A24321816197600E6CF23 /* REMenuItemView.m */,
			);
			name = REMenu;
			path = ../REMenu;
			sourceTree = "<group>";
		};
		AE0406261812FCE100ED8462 /* Dinning Commons */ = {
			isa = PBXGroup;
			children = (
				AE04066F181309C300ED8462 /* AlertView */,
				AE5A23E61815060100E6CF23 /* TableViewAndDayPicker */,
			);
			name = "Dinning Commons";
			sourceTree = "<group>";
		};
		AE04066F181309C300ED8462 /* AlertView */ = {
			isa = PBXGroup;
			children = (
				AE5A23E21814F70200E6CF23 /* NotificationView */,
				AE5A23CB1814EF7B00E6CF23 /* BlurAlert */,
				AE8324981814E26800F65E4A /* IOS AlertView */,
				AE04067918130E7B00ED8462 /* MainAlert */,
				AE04067818130E5400ED8462 /* AlternateAlert */,
			);
			name = AlertView;
			sourceTree = "<group>";
		};
		AE04067818130E5400ED8462 /* AlternateAlert */ = {
			isa = PBXGroup;
			children = (
				AE04067318130A1200ED8462 /* DTAlertView.m */,
				AE04067418130A1200ED8462 /* DTProgressStatus.h */,
				AE04067518130A1200ED8462 /* DTProgressStatus.m */,
				AE04067218130A1200ED8462 /* DTAlertView.h */,
			);
			name = AlternateAlert;
			sourceTree = "<group>";
		};
		AE04067918130E7B00ED8462 /* MainAlert */ = {
			isa = PBXGroup;
			children = (
				AE04067A18130E9000ED8462 /* SIAlertView.bundle */,
				AE04067B18130E9000ED8462 /* SIAlertView.h */,
				AE04067C18130E9000ED8462 /* SIAlertView.m */,
			);
			name = MainAlert;
			sourceTree = "<group>";
		};
		AE04067F181315D900ED8462 /* UCSB Map */ = {
			isa = PBXGroup;
			children = (
				AE0406801813171800ED8462 /* MapView */,
			);
			name = "UCSB Map";
			sourceTree = "<group>";
		};
		AE0406801813171800ED8462 /* MapView */ = {
			isa = PBXGroup;
			children = (
				AE0406811813173C00ED8462 /* callout_anchor.png */,
				AE0406821813173C00ED8462 /* callout_anchor@2x.png */,
				AE0406831813173C00ED8462 /* callout_bg.png */,
				AE0406841813173C00ED8462 /* callout_bg@2x.png */,
				AE0406851813173C00ED8462 /* callout_left.png */,
				AE0406861813173C00ED8462 /* callout_left@2x.png */,
				AE0406871813173C00ED8462 /* callout_right.png */,
				AE0406881813173C00ED8462 /* callout_right@2x.png */,
				AE0406891813173C00ED8462 /* NAAnnotation.h */,
				AE04068A1813173C00ED8462 /* NAAnnotation.m */,
				AE04068B1813173C00ED8462 /* NACallOutView.h */,
				AE04068C1813173C00ED8462 /* NACallOutView.m */,
				AE04068D1813173C00ED8462 /* NAMapView.h */,
				AE04068E1813173C00ED8462 /* NAMapView.m */,
				AE04068F1813173C00ED8462 /* NAPinAnnotationView.h */,
				AE0406901813173C00ED8462 /* NAPinAnnotationView.m */,
				AE0406911813173C00ED8462 /* pinGreen.png */,
				AE0406921813173C00ED8462 /* pinGreen@2x.png */,
				AE0406931813173C00ED8462 /* pinGreenFloating.png */,
				AE0406941813173C00ED8462 /* pinGreenFloating@2x.png */,
				AE0406951813173C00ED8462 /* pinPurple.png */,
				AE0406961813173C00ED8462 /* pinPurple@2x.png */,
				AE0406971813173C00ED8462 /* pinPurpleFloating.png */,
				AE0406981813173C00ED8462 /* pinPurpleFloating@2x.png */,
				AE0406991813173C00ED8462 /* pinRed.png */,
				AE04069A1813173C00ED8462 /* pinRed@2x.png */,
				AE04069B1813173C00ED8462 /* pinRedFloating.png */,
				AE04069C1813173C00ED8462 /* pinRedFloating@2x.png */,
			);
			name = MapView;
			sourceTree = "<group>";
		};
		AE1CBD8D181495AC0052B218 /* Blur Background */ = {
			isa = PBXGroup;
			children = (
				AE1CBD91181495EC0052B218 /* JFBluredScrollSubview.h */,
				AE1CBD92181495EC0052B218 /* JFBluredScrollSubview.m */,
				AE1CBD93181495EC0052B218 /* UIScrollView+BluredBackground.h */,
				AE1CBD94181495EC0052B218 /* UIScrollView+BluredBackground.m */,
				AE1CBD8E181495C40052B218 /* UIImage+ImageEffects.h */,
				AE1CBD8F181495C40052B218 /* UIImage+ImageEffects.m */,
			);
			name = "Blur Background";
			sourceTree = "<group>";
		};
		AE5A23CB1814EF7B00E6CF23 /* BlurAlert */ = {
			isa = PBXGroup;
			children = (
				AE5A23CC1814EF8E00E6CF23 /* LFDisplayBridge.h */,
				AE5A23CD1814EF8E00E6CF23 /* LFDisplayBridge.m */,
				AE5A23CE1814EF8E00E6CF23 /* LFGlassView.h */,
				AE5A23CF1814EF8E00E6CF23 /* LFGlassView.m */,
				AE5A23D01814EF8E00E6CF23 /* LiveFrost.h */,
				AE5A23D11814EF8E00E6CF23 /* CXAlertBackgroundWindow.h */,
				AE5A23D21814EF8E00E6CF23 /* CXAlertBackgroundWindow.m */,
				AE5A23D31814EF8E00E6CF23 /* CXAlertButtonItem.h */,
				AE5A23D41814EF8E00E6CF23 /* CXAlertButtonItem.m */,
				AE5A23D51814EF8E00E6CF23 /* CXAlertButtonContainerView.h */,
				AE5A23D61814EF8E00E6CF23 /* CXAlertButtonContainerView.m */,
				AE5A23D71814EF8E00E6CF23 /* CXAlertViewController.h */,
				AE5A23D81814EF8E00E6CF23 /* CXAlertViewController.m */,
				AE5A23D91814EF8E00E6CF23 /* CXAlertView.h */,
				AE5A23DA1814EF8E00E6CF23 /* CXAlertView.m */,
			);
			name = BlurAlert;
			sourceTree = "<group>";
		};
		AE5A23E21814F70200E6CF23 /* NotificationView */ = {
			isa = PBXGroup;
			children = (
				AE5A23E7181507D700E6CF23 /* CSNotificationView.xcassets */,
				AE5A23E31814F73E00E6CF23 /* CSNotificationView.h */,
				AE5A23E41814F73E00E6CF23 /* CSNotificationView.m */,
			);
			name = NotificationView;
			sourceTree = "<group>";
		};
		AE5A23E61815060100E6CF23 /* TableViewAndDayPicker */ = {
			isa = PBXGroup;
			children = (
				AE0406301812FD1100ED8462 /* SWTableViewCell.h */,
				AE0406311812FD1100ED8462 /* SWTableViewCell.m */,
				AE0406321812FD1100ED8462 /* TPGestureTableViewCell.h */,
				AE0406331812FD1100ED8462 /* TPGestureTableViewCell.m */,
				AE0406341812FD1100ED8462 /* TPDataModel.h */,
				AE0406351812FD1100ED8462 /* TPDataModel.m */,
				AE0406361812FD1100ED8462 /* NSDate+Reporting.h */,
				AE0406371812FD1100ED8462 /* NSDate+Reporting.m */,
				AE0406381812FD1100ED8462 /* MZDay.h */,
				AE0406391812FD1100ED8462 /* MZDay.m */,
				AE04063A1812FD1100ED8462 /* MZDayPicker.h */,
				AE04063B1812FD1100ED8462 /* MZDayPicker.m */,
				AE04063C1812FD1100ED8462 /* MZDayPickerCell.h */,
				AE04063D1812FD1100ED8462 /* MZDayPickerCell.m */,
			);
			name = TableViewAndDayPicker;
			sourceTree = "<group>";
		};
		AE8324981814E26800F65E4A /* IOS AlertView */ = {
			isa = PBXGroup;
			children = (
				AE8324991814E27D00F65E4A /* PXAlertView.h */,
				AE83249A1814E27D00F65E4A /* PXAlertView.m */,
			);
			name = "IOS AlertView";
			sourceTree = "<group>";
		};
		AEB1F1C6180F655600CCE6D0 /* SubControllers */ = {
			isa = PBXGroup;
			children = (
				AE0406451812FD6700ED8462 /* GoldViewController.h */,
				AE0406461812FD6700ED8462 /* GoldViewController.m */,
				AE0406471812FD6700ED8462 /* GoldViewController.xib */,
				AE0406481812FD6700ED8462 /* DiningViewController.h */,
				AE0406491812FD6700ED8462 /* DiningViewController.m */,
				AE04064A1812FD6700ED8462 /* DiningViewController.xib */,
				AE04064B1812FD6700ED8462 /* EventsViewController.h */,
				AE04064C1812FD6700ED8462 /* EventsViewController.m */,
				AE04064D1812FD6700ED8462 /* EventsViewController.xib */,
				C057E307180FCE61009091C6 /* MapViewController.h */,
				C057E308180FCE61009091C6 /* MapViewController.m */,
				C057E309180FCE61009091C6 /* MapViewController.xib */,
			);
			name = SubControllers;
			sourceTree = "<group>";
		};
/* End PBXGroup section */

/* Begin PBXNativeTarget section */
		30E0F77916D545F7001949EA /* REMenuExample */ = {
			isa = PBXNativeTarget;
			buildConfigurationList = 30E0F79716D545F7001949EA /* Build configuration list for PBXNativeTarget "REMenuExample" */;
			buildPhases = (
				30E0F77616D545F7001949EA /* Sources */,
				30E0F77716D545F7001949EA /* Frameworks */,
				30E0F77816D545F7001949EA /* Resources */,
			);
			buildRules = (
			);
			dependencies = (
			);
			name = REMenuExample;
			productName = REMenuExample;
			productReference = 30E0F77A16D545F7001949EA /* GauchoLife.app */;
			productType = "com.apple.product-type.application";
		};
/* End PBXNativeTarget section */

/* Begin PBXProject section */
		30E0F77216D545F7001949EA /* Project object */ = {
			isa = PBXProject;
			attributes = {
				LastUpgradeCheck = 0500;
				ORGANIZATIONNAME = "Roman Efimov";
			};
			buildConfigurationList = 30E0F77516D545F7001949EA /* Build configuration list for PBXProject "REMenuExample" */;
			compatibilityVersion = "Xcode 3.2";
			developmentRegion = English;
			hasScannedForEncodings = 0;
			knownRegions = (
				en,
			);
			mainGroup = 30E0F77116D545F7001949EA;
			productRefGroup = 30E0F77B16D545F7001949EA /* Products */;
			projectDirPath = "";
			projectRoot = "";
			targets = (
				30E0F77916D545F7001949EA /* REMenuExample */,
			);
		};
/* End PBXProject section */

/* Begin PBXResourcesBuildPhase section */
		30E0F77816D545F7001949EA /* Resources */ = {
			isa = PBXResourcesBuildPhase;
			buildActionMask = 2147483647;
			files = (
				AE0406A21813173C00ED8462 /* callout_left@2x.png in Resources */,
				AE0406DE1813883700ED8462 /* menu@2x.png in Resources */,
				AE04069F1813173C00ED8462 /* callout_bg.png in Resources */,
				AE0406D9181371E800ED8462 /* today.png in Resources */,
				AEB1F1DA180FB0F300CCE6D0 /* fork-knife@2x.png in Resources */,
				AE04067D18130E9000ED8462 /* SIAlertView.bundle in Resources */,
				AE0406CF18136EC900ED8462 /* coctail.png in Resources */,
				AEB1F1DC180FB0F300CCE6D0 /* graduation-cap@2x.png in Resources */,
				30E0F78816D545F7001949EA /* InfoPlist.strings in Resources */,
				AE0406AA1813173C00ED8462 /* pinGreen@2x.png in Resources */,
				AEF6B052180FC981003B4BB7 /* UCSBMAP.png in Resources */,
				AE0406B31813173C00ED8462 /* pinRedFloating.png in Resources */,
				AE8324931814D27F00F65E4A /* food.png in Resources */,
				AEB1F1E2180FB5CC00CCE6D0 /* tennis@2x.png in Resources */,
				AE8324951814DCBB00F65E4A /* cupcakes.png in Resources */,
				AE0406AF1813173C00ED8462 /* pinPurpleFloating.png in Resources */,
				AE0406AD1813173C00ED8462 /* pinPurple.png in Resources */,
				AEB1F1DD180FB0F300CCE6D0 /* Icon_Activity.png in Resources */,
				30B00DC317CCFD200010D439 /* Default-568h@2x.png in Resources */,
				AE0406A31813173C00ED8462 /* callout_right.png in Resources */,
				AE1CBD9818149AC00052B218 /* cheetah960.png in Resources */,
				AE04069D1813173C00ED8462 /* callout_anchor.png in Resources */,
				AE0406DD1813883700ED8462 /* menu.png in Resources */,
				AE0406A91813173C00ED8462 /* pinGreen.png in Resources */,
				AE0406D018136EC900ED8462 /* coctail@2x.png in Resources */,
				AE0406CA18136D2900ED8462 /* compass@2x.png in Resources */,
				AE0406A01813173C00ED8462 /* callout_bg@2x.png in Resources */,
				30B00DC417CCFD200010D439 /* Default.png in Resources */,
				AE0406A41813173C00ED8462 /* callout_right@2x.png in Resources */,
				AE040668181304F700ED8462 /* TableViewData.plist in Resources */,
				30B00DC517CCFD200010D439 /* Default@2x.png in Resources */,
				AE0406C118134A7600ED8462 /* home.png in Resources */,
				30B00DC617CCFD200010D439 /* Icon_Activity.png in Resources */,
				AE0406C218134A7600ED8462 /* home@2x.png in Resources */,
				AE0406511812FD6700ED8462 /* DiningViewController.xib in Resources */,
				AEB1F1DE180FB0F300CCE6D0 /* Icon_Activity@2x.png in Resources */,
				30B00DC717CCFD200010D439 /* Icon_Activity@2x.png in Resources */,
				AE5A23E8181507D700E6CF23 /* CSNotificationView.xcassets in Resources */,
				30B00DC817CCFD200010D439 /* Icon_Explore.png in Resources */,
				AEB1F1D9180FB0F300CCE6D0 /* fork-knife.png in Resources */,
				30B00DC917CCFD200010D439 /* Icon_Explore@2x.png in Resources */,
				AE0406D518136F9400ED8462 /* school.png in Resources */,
				30B00DCA17CCFD200010D439 /* Icon_Home.png in Resources */,
				30B00DCB17CCFD200010D439 /* Icon_Home@2x.png in Resources */,
				AE0406D118136EC900ED8462 /* dining.png in Resources */,
				AE8324971814DD3600F65E4A /* cupcakes1.png in Resources */,
				C057E30B180FCE61009091C6 /* MapViewController.xib in Resources */,
				AE0406A11813173C00ED8462 /* callout_left.png in Resources */,
				AE04064F1812FD6700ED8462 /* GoldViewController.xib in Resources */,
				AE0406B21813173C00ED8462 /* pinRed@2x.png in Resources */,
				AE0406B11813173C00ED8462 /* pinRed.png in Resources */,
				AE0406D618136F9400ED8462 /* school@2x.png in Resources */,
				AE0406D218136EC900ED8462 /* dining@2x.png in Resources */,
				AE0406AC1813173C00ED8462 /* pinGreenFloating@2x.png in Resources */,
				AE0406531812FD6700ED8462 /* EventsViewController.xib in Resources */,
				AE0406B01813173C00ED8462 /* pinPurpleFloating@2x.png in Resources */,
				AE0406DA181371E800ED8462 /* today@2x.png in Resources */,
				AE0406B41813173C00ED8462 /* pinRedFloating@2x.png in Resources */,
				AE0406C918136D2900ED8462 /* compass.png in Resources */,
				AEB1F1E1180FB5CC00CCE6D0 /* tennis.png in Resources */,
				AE0406AE1813173C00ED8462 /* pinPurple@2x.png in Resources */,
				AE04069E1813173C00ED8462 /* callout_anchor@2x.png in Resources */,
				AE0406AB1813173C00ED8462 /* pinGreenFloating.png in Resources */,
				AEB1F1DB180FB0F300CCE6D0 /* graduation-cap.png in Resources */,
				30B00DCC17CCFD200010D439 /* Icon_Profile.png in Resources */,
				30B00DCD17CCFD200010D439 /* Icon_Profile@2x.png in Resources */,
			);
			runOnlyForDeploymentPostprocessing = 0;
		};
/* End PBXResourcesBuildPhase section */

/* Begin PBXSourcesBuildPhase section */
		30E0F77616D545F7001949EA /* Sources */ = {
			isa = PBXSourcesBuildPhase;
			buildActionMask = 2147483647;
			files = (
				AE04064E1812FD6700ED8462 /* GoldViewController.m in Sources */,
				AE5A23DB1814EF8E00E6CF23 /* LFDisplayBridge.m in Sources */,
				AE5A24371816197600E6CF23 /* REMenuItemView.m in Sources */,
				AE04063F1812FD1100ED8462 /* TPGestureTableViewCell.m in Sources */,
				AE0406A51813173C00ED8462 /* NAAnnotation.m in Sources */,
				30E0F78A16D545F7001949EA /* main.m in Sources */,
				AE0406A81813173C00ED8462 /* NAPinAnnotationView.m in Sources */,
				AE5A24331816197600E6CF23 /* RECommonFunctions.m in Sources */,
				AE04067E18130E9000ED8462 /* SIAlertView.m in Sources */,
				30E0F78E16D545F7001949EA /* AppDelegate.m in Sources */,
				AE0406421812FD1100ED8462 /* MZDay.m in Sources */,
				AE0406431812FD1100ED8462 /* MZDayPicker.m in Sources */,
				AE04066D1813050F00ED8462 /* NavigationViewController.m in Sources */,
				AE5A23E11814EF8E00E6CF23 /* CXAlertView.m in Sources */,
				AE5A24351816197600E6CF23 /* REMenuContainerView.m in Sources */,
				AE5A24361816197600E6CF23 /* REMenuItem.m in Sources */,
				AE0406441812FD1100ED8462 /* MZDayPickerCell.m in Sources */,
				AE5A23DD1814EF8E00E6CF23 /* CXAlertBackgroundWindow.m in Sources */,
				AE5A23DC1814EF8E00E6CF23 /* LFGlassView.m in Sources */,
				AE5A23E01814EF8E00E6CF23 /* CXAlertViewController.m in Sources */,
				AE04063E1812FD1100ED8462 /* SWTableViewCell.m in Sources */,
				AE83249B1814E27D00F65E4A /* PXAlertView.m in Sources */,
				AE1CBD96181495EC0052B218 /* UIScrollView+BluredBackground.m in Sources */,
				C057E30A180FCE61009091C6 /* MapViewController.m in Sources */,
				AE1CBD90181495C40052B218 /* UIImage+ImageEffects.m in Sources */,
				AE5A23E51814F73E00E6CF23 /* CSNotificationView.m in Sources */,
				AE0406411812FD1100ED8462 /* NSDate+Reporting.m in Sources */,
				AE04067718130A1200ED8462 /* DTProgressStatus.m in Sources */,
				AE04066E1813050F00ED8462 /* RootViewController.m in Sources */,
				AE1CBD95181495EC0052B218 /* JFBluredScrollSubview.m in Sources */,
				AE04067618130A1200ED8462 /* DTAlertView.m in Sources */,
				AE0406A71813173C00ED8462 /* NAMapView.m in Sources */,
				AE5A23DE1814EF8E00E6CF23 /* CXAlertButtonItem.m in Sources */,
				AE0406401812FD1100ED8462 /* TPDataModel.m in Sources */,
				AE5A24341816197600E6CF23 /* REMenu.m in Sources */,
				AE5A23DF1814EF8E00E6CF23 /* CXAlertButtonContainerView.m in Sources */,
				AE0406501812FD6700ED8462 /* DiningViewController.m in Sources */,
				AE0406A61813173C00ED8462 /* NACallOutView.m in Sources */,
				AE0406521812FD6700ED8462 /* EventsViewController.m in Sources */,
			);
			runOnlyForDeploymentPostprocessing = 0;
		};
/* End PBXSourcesBuildPhase section */

/* Begin PBXVariantGroup section */
		30E0F78616D545F7001949EA /* InfoPlist.strings */ = {
			isa = PBXVariantGroup;
			children = (
				30E0F78716D545F7001949EA /* en */,
			);
			name = InfoPlist.strings;
			sourceTree = "<group>";
		};
/* End PBXVariantGroup section */

/* Begin XCBuildConfiguration section */
		30E0F79516D545F7001949EA /* Debug */ = {
			isa = XCBuildConfiguration;
			buildSettings = {
				ALWAYS_SEARCH_USER_PATHS = YES;
				CLANG_CXX_LANGUAGE_STANDARD = "gnu++0x";
				CLANG_CXX_LIBRARY = "libc++";
				CLANG_ENABLE_MODULES = NO;
				CLANG_ENABLE_OBJC_ARC = YES;
				CLANG_WARN_CONSTANT_CONVERSION = YES;
				CLANG_WARN_EMPTY_BODY = YES;
				CLANG_WARN_ENUM_CONVERSION = YES;
				CLANG_WARN_INT_CONVERSION = YES;
				CLANG_WARN__DUPLICATE_METHOD_MATCH = YES;
				"CODE_SIGN_IDENTITY[sdk=iphoneos*]" = "iPhone Developer";
				COPY_PHASE_STRIP = NO;
				GCC_C_LANGUAGE_STANDARD = gnu99;
				GCC_DYNAMIC_NO_PIC = NO;
				GCC_OPTIMIZATION_LEVEL = 0;
				GCC_PREPROCESSOR_DEFINITIONS = (
					"DEBUG=1",
					"$(inherited)",
				);
				GCC_SYMBOLS_PRIVATE_EXTERN = NO;
				GCC_WARN_ABOUT_RETURN_TYPE = YES;
				GCC_WARN_UNINITIALIZED_AUTOS = YES;
				GCC_WARN_UNUSED_VARIABLE = YES;
				IPHONEOS_DEPLOYMENT_TARGET = 7.0;
				ONLY_ACTIVE_ARCH = NO;
				SDKROOT = iphoneos;
			};
			name = Debug;
		};
		30E0F79616D545F7001949EA /* Release */ = {
			isa = XCBuildConfiguration;
			buildSettings = {
				ALWAYS_SEARCH_USER_PATHS = YES;
				CLANG_CXX_LANGUAGE_STANDARD = "gnu++0x";
				CLANG_CXX_LIBRARY = "libc++";
				CLANG_ENABLE_MODULES = NO;
				CLANG_ENABLE_OBJC_ARC = YES;
				CLANG_WARN_CONSTANT_CONVERSION = YES;
				CLANG_WARN_EMPTY_BODY = YES;
				CLANG_WARN_ENUM_CONVERSION = YES;
				CLANG_WARN_INT_CONVERSION = YES;
				CLANG_WARN__DUPLICATE_METHOD_MATCH = YES;
				"CODE_SIGN_IDENTITY[sdk=iphoneos*]" = "iPhone Developer";
				COPY_PHASE_STRIP = YES;
				GCC_C_LANGUAGE_STANDARD = gnu99;
				GCC_WARN_ABOUT_RETURN_TYPE = YES;
				GCC_WARN_UNINITIALIZED_AUTOS = YES;
				GCC_WARN_UNUSED_VARIABLE = YES;
				IPHONEOS_DEPLOYMENT_TARGET = 7.0;
				ONLY_ACTIVE_ARCH = NO;
				OTHER_CFLAGS = "-DNS_BLOCK_ASSERTIONS=1";
				SDKROOT = iphoneos;
				VALIDATE_PRODUCT = YES;
			};
			name = Release;
		};
		30E0F79816D545F7001949EA /* Debug */ = {
			isa = XCBuildConfiguration;
			buildSettings = {
				ALWAYS_SEARCH_USER_PATHS = YES;
				FRAMEWORK_SEARCH_PATHS = "";
				GCC_PRECOMPILE_PREFIX_HEADER = YES;
				GCC_PREFIX_HEADER = "REMenuExample/REMenuExample-Prefix.pch";
				INFOPLIST_FILE = "REMenuExample/REMenuExample-Info.plist";
				IPHONEOS_DEPLOYMENT_TARGET = 7.0;
				PRODUCT_NAME = GauchoLife;
				SDKROOT = iphoneos;
				TARGETED_DEVICE_FAMILY = "1,2";
				WRAPPER_EXTENSION = app;
			};
			name = Debug;
		};
		30E0F79916D545F7001949EA /* Release */ = {
			isa = XCBuildConfiguration;
			buildSettings = {
				ALWAYS_SEARCH_USER_PATHS = YES;
				FRAMEWORK_SEARCH_PATHS = (
					"$(SDKROOT)/Developer/Library/Frameworks",
					"$(DEVELOPER_FRAMEWORKS_DIR)",
				);
				"FRAMEWORK_SEARCH_PATHS[arch=*]" = "";
				GCC_PRECOMPILE_PREFIX_HEADER = YES;
				GCC_PREFIX_HEADER = "REMenuExample/REMenuExample-Prefix.pch";
				INFOPLIST_FILE = "REMenuExample/REMenuExample-Info.plist";
				IPHONEOS_DEPLOYMENT_TARGET = 7.0;
				PRODUCT_NAME = GauchoLife;
				SDKROOT = iphoneos;
				TARGETED_DEVICE_FAMILY = "1,2";
				WRAPPER_EXTENSION = app;
			};
			name = Release;
		};
/* End XCBuildConfiguration section */

/* Begin XCConfigurationList section */
		30E0F77516D545F7001949EA /* Build configuration list for PBXProject "REMenuExample" */ = {
			isa = XCConfigurationList;
			buildConfigurations = (
				30E0F79516D545F7001949EA /* Debug */,
				30E0F79616D545F7001949EA /* Release */,
			);
			defaultConfigurationIsVisible = 0;
			defaultConfigurationName = Release;
		};
		30E0F79716D545F7001949EA /* Build configuration list for PBXNativeTarget "REMenuExample" */ = {
			isa = XCConfigurationList;
			buildConfigurations = (
				30E0F79816D545F7001949EA /* Debug */,
				30E0F79916D545F7001949EA /* Release */,
			);
			defaultConfigurationIsVisible = 0;
			defaultConfigurationName = Release;
		};
/* End XCConfigurationList section */
	};
	rootObject = 30E0F77216D545F7001949EA /* Project object */;
}
